{
  "name": "AnimationPlugin",
  "lockfileVersion": 3,
  "requires": true,
  "packages": {
    "": {
      "dependencies": {
        "t": "^0.5.1",
        "typescript": "^5.8.3"
      }
    },
    "node_modules/t": {
      "version": "0.5.1",
      "resolved": "https://registry.snapchat.com/node/virtual/t/-/t-0.5.1.tgz",
      "integrity": "sha512-VPWkKwJPOldeqDKesRwOLhKNbVRUbzh8yoFWqwMTXqQ2BpdY7SHJqPbIRb6qfidlFhh2LBNBDJQGjPnqQcwSgg==",
      "engines": {
        "node": "*"
      }
    },
    "node_modules/typescript": {
      "version": "5.8.3",
      "resolved": "https://registry.snapchat.com/node/virtual/typescript/-/typescript-5.8.3.tgz",
      "integrity": "sha512-p1diW6TqL9L07nNxvRMM7hMMw4c5XOo/1ibL4aAIGmSAt9slTE1Xgw5KWuof2uTOvCg9BY7ZRi+GaF+7sfgPeQ==",
      "bin": {
        "tsc": "bin/tsc",
        "tsserver": "bin/tsserver"
      },
      "engines": {
        "node": ">=14.17"
      }
    }
  }
}
